{
  "nodes": {
    "flake-parts": {
      "inputs": {
        "nixpkgs-lib": "nixpkgs-lib"
      },
      "locked": {
        "lastModified": 1727826117,
        "narHash": "sha256-K5ZLCyfO/Zj9mPFldf3iwS6oZStJcU4tSpiXTMYaaL0=",
        "owner": "hercules-ci",
        "repo": "flake-parts",
        "rev": "3d04084d54bedc3d6b8b736c70ef449225c361b1",
        "type": "github"
      },
      "original": {
        "owner": "hercules-ci",
        "repo": "flake-parts",
        "type": "github"
      }
    },
    "nixpkgs": {
      "locked": {
        "lastModified": 1729265718,
        "narHash": "sha256-4HQI+6LsO3kpWTYuVGIzhJs1cetFcwT7quWCk/6rqeo=",
        "owner": "nixos",
        "repo": "nixpkgs",
        "rev": "ccc0c2126893dd20963580b6478d1a10a4512185",
        "type": "github"
      },
      "original": {
        "owner": "nixos",
        "ref": "nixpkgs-unstable",
        "repo": "nixpkgs",
        "type": "github"
      }
    },
    "nixpkgs-lib": {
      "locked": {
        "lastModified": 1727825735,
        "narHash": "sha256-0xHYkMkeLVQAMa7gvkddbPqpxph+hDzdu1XdGPJR+Os=",
        "type": "tarball",
        "url": "https://github.com/NixOS/nixpkgs/archive/fb192fec7cc7a4c26d51779e9bab07ce6fa5597a.tar.gz"
      },
      "original": {
        "type": "tarball",
        "url": "https://github.com/NixOS/nixpkgs/archive/fb192fec7cc7a4c26d51779e9bab07ce6fa5597a.tar.gz"
      }
    },
    "process-compose-flake": {
      "locked": {
        "lastModified": 1729544733,
        "narHash": "sha256-ir7WTVpG999N07wkOCs1kwZsQKitOv3CNDqNalCMK3c=",
        "owner": "Platonic-Systems",
        "repo": "process-compose-flake",
        "rev": "7241e6b247b65cfa579d6f838a8efc18e5401924",
        "type": "github"
      },
      "original": {
        "owner": "Platonic-Systems",
        "repo": "process-compose-flake",
        "type": "github"
      }
    },
    "root": {
      "inputs": {
        "flake-parts": "flake-parts",
        "nixpkgs": "nixpkgs",
        "process-compose-flake": "process-compose-flake",
        "services-flake": "services-flake"
      }
    },
    "services-flake": {
      "locked": {
        "lastModified": 1729545021,
        "narHash": "sha256-kiiLawNVU363Ax6LaTutZXFQ+FCdrHMQNmhAZ0nBl7k=",
        "owner": "juspay",
        "repo": "services-flake",
        "rev": "93aa84c4ad56566c5777c07079d49d440b41e9e1",
        "type": "github"
      },
      "original": {
        "owner": "juspay",
        "repo": "services-flake",
        "type": "github"
      }
    }
  },
  "root": "root",
  "version": 7
}
